
Microsoft Visual Studio Solution File, Format Version 12.00
# Visual Studio Version 16
VisualStudioVersion = 16.0.31112.23
MinimumVisualStudioVersion = 10.0.40219.1
Project("{FAE04EC0-301F-11D3-BF4B-00C04F79EFBC}") = "PoolBox.Web", "PoolBox.Web\PoolBox.Web.csproj", "{E763D3C1-F8F6-48EC-8BDB-A9247C86D7E6}"
EndProject
Global
	GlobalSection(SolutionConfigurationPlatforms) = preSolution
		Debug|Any CPU = Debug|Any CPU
		Release|Any CPU = Release|Any CPU
	EndGlobalSection
	GlobalSection(ProjectConfigurationPlatforms) = postSolution
		{E763D3C1-F8F6-48EC-8BDB-A9247C86D7E6}.Debug|Any CPU.ActiveCfg = Debug|Any CPU
		{E763D3C1-F8F6-48EC-8BDB-A9247C86D7E6}.Debug|Any CPU.Build.0 = Debug|Any CPU
		{E763D3C1-F8F6-48EC-8BDB-A9247C86D7E6}.Release|Any CPU.ActiveCfg = Release|Any CPU
		{E763D3C1-F8F6-48EC-8BDB-A9247C86D7E6}.Release|Any CPU.Build.0 = Release|Any CPU
	EndGlobalSection
	GlobalSection(SolutionProperties) = preSolution
		HideSolutionNode = FALSE
	EndGlobalSection
	GlobalSection(ExtensibilityGlobals) = postSolution
		SolutionGuid = {620F207F-5C73-4BCF-997F-810EE787ECBF}
	EndGlobalSection
EndGlobal
